<?xml version="1.0" encoding="utf-8"?>
<Project ToolsVersion="4.0" xmlns="http://schemas.microsoft.com/developer/msbuild/2003">
  <ItemGroup>
    <ClInclude Include="RandomGenerator.h">
      <Filter>Helper</Filter>
    </ClInclude>
    <ClInclude Include="Language.h">
      <Filter>Helper</Filter>
    </ClInclude>
    <ClInclude Include="Sentence.h">
      <Filter>Syntax</Filter>
    </ClInclude>
    <ClInclude Include="Formation.h">
      <Filter>Syntax</Filter>
    </ClInclude>
    <ClInclude Include="WordGenerator.h">
      <Filter>Syntax</Filter>
    </ClInclude>
    <ClInclude Include="Random.h">
      <Filter>Helper</Filter>
    </ClInclude>
    <ClInclude Include="Words.h">
      <Filter>Syntax</Filter>
    </ClInclude>
  </ItemGroup>
  <ItemGroup>
    <Filter Include="Helper">
      <UniqueIdentifier>{cb174af8-1afd-4439-8b55-fe1ce3d2be7a}</UniqueIdentifier>
    </Filter>
    <Filter Include="Syntax">
      <UniqueIdentifier>{523dab49-0f28-4912-8591-f089bebd476a}</UniqueIdentifier>
    </Filter>
  </ItemGroup>
  <ItemGroup>
    <ClCompile Include="Formation.cpp">
      <Filter>Syntax</Filter>
    </ClCompile>
    <ClCompile Include="Words.cpp">
      <Filter>Syntax</Filter>
    </ClCompile>
    <ClCompile Include="Random.cpp">
      <Filter>Helper</Filter>
    </ClCompile>
    <ClCompile Include="main.cpp" />
    <ClCompile Include="Language.cpp">
      <Filter>Helper</Filter>
    </ClCompile>
  </ItemGroup>
</Project>